
Microsoft Visual Studio Solution File, Format Version 12.00
# Visual Studio 15
VisualStudioVersion = 15.0.27130.2027
MinimumVisualStudioVersion = 10.0.40219.1
Project("{FAE04EC0-301F-11D3-BF4B-00C04F79EFBC}") = "ToDoListApp", "ToDoListApp\ToDoListApp.csproj", "{F0FDAD41-CAE4-401D-AA68-D91B52627512}"
EndProject
Project("{FAE04EC0-301F-11D3-BF4B-00C04F79EFBC}") = "ToDoListAppTesting", "ToDoListAppTesting\ToDoListAppTesting.csproj", "{1E042E41-9F8A-4CE0-80B3-E93818481791}"
EndProject
Project("{2150E333-8FDC-42A3-9474-1A3956D46DE8}") = "Solution Items", "Solution Items", "{CCA04687-0409-482A-B6E6-FB7DCC970916}"
	ProjectSection(SolutionItems) = preProject
		..\..\..\ToDoList\DesignDoc.txt = ..\..\..\ToDoList\DesignDoc.txt
	EndProjectSection
EndProject
Global
	GlobalSection(SolutionConfigurationPlatforms) = preSolution
		Debug|Any CPU = Debug|Any CPU
		Release|Any CPU = Release|Any CPU
	EndGlobalSection
	GlobalSection(ProjectConfigurationPlatforms) = postSolution
		{F0FDAD41-CAE4-401D-AA68-D91B52627512}.Debug|Any CPU.ActiveCfg = Debug|Any CPU
		{F0FDAD41-CAE4-401D-AA68-D91B52627512}.Debug|Any CPU.Build.0 = Debug|Any CPU
		{F0FDAD41-CAE4-401D-AA68-D91B52627512}.Release|Any CPU.ActiveCfg = Release|Any CPU
		{F0FDAD41-CAE4-401D-AA68-D91B52627512}.Release|Any CPU.Build.0 = Release|Any CPU
		{1E042E41-9F8A-4CE0-80B3-E93818481791}.Debug|Any CPU.ActiveCfg = Debug|Any CPU
		{1E042E41-9F8A-4CE0-80B3-E93818481791}.Debug|Any CPU.Build.0 = Debug|Any CPU
		{1E042E41-9F8A-4CE0-80B3-E93818481791}.Release|Any CPU.ActiveCfg = Release|Any CPU
		{1E042E41-9F8A-4CE0-80B3-E93818481791}.Release|Any CPU.Build.0 = Release|Any CPU
	EndGlobalSection
	GlobalSection(SolutionProperties) = preSolution
		HideSolutionNode = FALSE
	EndGlobalSection
	GlobalSection(ExtensibilityGlobals) = postSolution
		SolutionGuid = {1A7BBF19-42C3-4F4D-A130-03D96FED2478}
	EndGlobalSection
EndGlobal
